
Microsoft Visual Studio Solution File, Format Version 12.00
# Visual Studio Version 16
VisualStudioVersion = 16.0.29424.173
MinimumVisualStudioVersion = 10.0.40219.1
Project("{FAE04EC0-301F-11D3-BF4B-00C04F79EFBC}") = "ArithmeticOperations", "ArithmeticOperations\ArithmeticOperations.csproj", "{1442DDF1-F18D-4D42-B109-28783AB85025}"
EndProject
Global
	GlobalSection(SolutionConfigurationPlatforms) = preSolution
		Debug|Any CPU = Debug|Any CPU
		Release|Any CPU = Release|Any CPU
	EndGlobalSection
	GlobalSection(ProjectConfigurationPlatforms) = postSolution
		{1442DDF1-F18D-4D42-B109-28783AB85025}.Debug|Any CPU.ActiveCfg = Debug|Any CPU
		{1442DDF1-F18D-4D42-B109-28783AB85025}.Debug|Any CPU.Build.0 = Debug|Any CPU
		{1442DDF1-F18D-4D42-B109-28783AB85025}.Release|Any CPU.ActiveCfg = Release|Any CPU
		{1442DDF1-F18D-4D42-B109-28783AB85025}.Release|Any CPU.Build.0 = Release|Any CPU
	EndGlobalSection
	GlobalSection(SolutionProperties) = preSolution
		HideSolutionNode = FALSE
	EndGlobalSection
	GlobalSection(ExtensibilityGlobals) = postSolution
		SolutionGuid = {1E812838-F94D-47CA-911F-2C7F0E1CA4F4}
	EndGlobalSection
EndGlobal
